// !$*UTF8*$!
{
	archiveVersion = 1;
	classes = {
	};
	objectVersion = 51;
	objects = {

/* Begin PBXBuildFile section */
		2F076B6824BAF8C4001EA7FD /* AppDelegate.swift in Sources */ = {isa = PBXBuildFile; fileRef = 2F076B6724BAF8C4001EA7FD /* AppDelegate.swift */; };
		2F076B6A24BAF8C4001EA7FD /* SceneDelegate.swift in Sources */ = {isa = PBXBuildFile; fileRef = 2F076B6924BAF8C4001EA7FD /* SceneDelegate.swift */; };
		2F076B6C24BAF8C4001EA7FD /* SearchViewController.swift in Sources */ = {isa = PBXBuildFile; fileRef = 2F076B6B24BAF8C4001EA7FD /* SearchViewController.swift */; };
		2F076B6F24BAF8C4001EA7FD /* Main.storyboard in Resources */ = {isa = PBXBuildFile; fileRef = 2F076B6D24BAF8C4001EA7FD /* Main.storyboard */; };
		2F076B7124BAF8C6001EA7FD /* Assets.xcassets in Resources */ = {isa = PBXBuildFile; fileRef = 2F076B7024BAF8C6001EA7FD /* Assets.xcassets */; };
		2F076B7424BAF8C6001EA7FD /* LaunchScreen.storyboard in Resources */ = {isa = PBXBuildFile; fileRef = 2F076B7224BAF8C6001EA7FD /* LaunchScreen.storyboard */; };
		2F076B8D24BB37F8001EA7FD /* SearchViewModel.swift in Sources */ = {isa = PBXBuildFile; fileRef = 2F076B8C24BB37F8001EA7FD /* SearchViewModel.swift */; };
		2F076B9724C1D7E3001EA7FD /* SearchViewModelSpec.swift in Sources */ = {isa = PBXBuildFile; fileRef = 2F076B9624C1D7E3001EA7FD /* SearchViewModelSpec.swift */; };
		2F6C153E24CAC8FE00D69AE5 /* ResultViewController.swift in Sources */ = {isa = PBXBuildFile; fileRef = 2F6C153D24CAC8FE00D69AE5 /* ResultViewController.swift */; };
		2F6C154224CACE2300D69AE5 /* KanjiQuery.swift in Sources */ = {isa = PBXBuildFile; fileRef = 2F6C154124CACE2300D69AE5 /* KanjiQuery.swift */; };
		2F6C154424CAD18C00D69AE5 /* KanjiQuerySpec.swift in Sources */ = {isa = PBXBuildFile; fileRef = 2F6C154324CAD18C00D69AE5 /* KanjiQuerySpec.swift */; };
		2F6C154624CD427600D69AE5 /* KanjiRepository.swift in Sources */ = {isa = PBXBuildFile; fileRef = 2F6C154524CD427600D69AE5 /* KanjiRepository.swift */; };
		2F6C154824CD47A200D69AE5 /* KanjiResultConverter.swift in Sources */ = {isa = PBXBuildFile; fileRef = 2F6C154724CD47A200D69AE5 /* KanjiResultConverter.swift */; };
		2F6C154A24CD482400D69AE5 /* KanjiResults.swift in Sources */ = {isa = PBXBuildFile; fileRef = 2F6C154924CD482400D69AE5 /* KanjiResults.swift */; };
		2F6C154C24CD494700D69AE5 /* KanjiInfo.swift in Sources */ = {isa = PBXBuildFile; fileRef = 2F6C154B24CD494700D69AE5 /* KanjiInfo.swift */; };
		2F6C154F24CD510300D69AE5 /* KanjiResultConverterSpec.swift in Sources */ = {isa = PBXBuildFile; fileRef = 2F6C154E24CD510300D69AE5 /* KanjiResultConverterSpec.swift */; };
		2F6C155124D309E700D69AE5 /* KanjiRepositorySpec.swift in Sources */ = {isa = PBXBuildFile; fileRef = 2F6C155024D309E700D69AE5 /* KanjiRepositorySpec.swift */; };
		2F6C155724D521D500D69AE5 /* error_invalid_parameters.json in Resources */ = {isa = PBXBuildFile; fileRef = 2F6C155624D521D500D69AE5 /* error_invalid_parameters.json */; };
		2F6C155924D526AD00D69AE5 /* no_results.json in Resources */ = {isa = PBXBuildFile; fileRef = 2F6C155824D526AD00D69AE5 /* no_results.json */; };
		2F6C155B24D5274900D69AE5 /* query_つじ.json in Resources */ = {isa = PBXBuildFile; fileRef = 2F6C155A24D5274900D69AE5 /* query_つじ.json */; };
		2F6C156224D5330300D69AE5 /* FileReader.swift in Sources */ = {isa = PBXBuildFile; fileRef = 2F6C156124D5330300D69AE5 /* FileReader.swift */; };
		2F6C156B24D5503600D69AE5 /* ResultViewModel.swift in Sources */ = {isa = PBXBuildFile; fileRef = 2F6C156A24D5503600D69AE5 /* ResultViewModel.swift */; };
		2F6C156D24D553DF00D69AE5 /* KanjiSearchStatus.swift in Sources */ = {isa = PBXBuildFile; fileRef = 2F6C156C24D553DF00D69AE5 /* KanjiSearchStatus.swift */; };
		2F6C156F24D5641000D69AE5 /* error_empty_query.json in Resources */ = {isa = PBXBuildFile; fileRef = 2F6C156E24D5641000D69AE5 /* error_empty_query.json */; };
		2F6C157124D565FC00D69AE5 /* ResultViewModelSpec.swift in Sources */ = {isa = PBXBuildFile; fileRef = 2F6C157024D565FC00D69AE5 /* ResultViewModelSpec.swift */; };
		2F6C157324D59CF800D69AE5 /* KanjiRepositoryMock.swift in Sources */ = {isa = PBXBuildFile; fileRef = 2F6C157224D59CF700D69AE5 /* KanjiRepositoryMock.swift */; };
		2F6C157724EC0D1F00D69AE5 /* UIView+Extensions.swift in Sources */ = {isa = PBXBuildFile; fileRef = 2F6C157624EC0D1E00D69AE5 /* UIView+Extensions.swift */; };
		2F6C157924EC116500D69AE5 /* ResultDataSource.swift in Sources */ = {isa = PBXBuildFile; fileRef = 2F6C157824EC116500D69AE5 /* ResultDataSource.swift */; };
		2F6C158124EEB47300D69AE5 /* ResultTableViewCell.swift in Sources */ = {isa = PBXBuildFile; fileRef = 2F6C158024EEB47300D69AE5 /* ResultTableViewCell.swift */; };
		501EBC1D565AE48412ECCBBC /* Pods_KanjiSearcher.framework in Frameworks */ = {isa = PBXBuildFile; fileRef = 1BA6443CCBE50221B27442A9 /* Pods_KanjiSearcher.framework */; };
		FEF28FC15744B6B57FC9DC88 /* Pods_KanjiSearcherTests.framework in Frameworks */ = {isa = PBXBuildFile; fileRef = 562500A0C8C6D7DF8D22BB36 /* Pods_KanjiSearcherTests.framework */; };
/* End PBXBuildFile section */

/* Begin PBXContainerItemProxy section */
		2F076B7B24BAF8C6001EA7FD /* PBXContainerItemProxy */ = {
			isa = PBXContainerItemProxy;
			containerPortal = 2F076B5C24BAF8C4001EA7FD /* Project object */;
			proxyType = 1;
			remoteGlobalIDString = 2F076B6324BAF8C4001EA7FD;
			remoteInfo = KanjiSearcher;
		};
/* End PBXContainerItemProxy section */

/* Begin PBXFileReference section */
		1BA6443CCBE50221B27442A9 /* Pods_KanjiSearcher.framework */ = {isa = PBXFileReference; explicitFileType = wrapper.framework; includeInIndex = 0; path = Pods_KanjiSearcher.framework; sourceTree = BUILT_PRODUCTS_DIR; };
		2AC8E8A3F8B29C170C5A590E /* Pods-KanjiSearcherTests.release.xcconfig */ = {isa = PBXFileReference; includeInIndex = 1; lastKnownFileType = text.xcconfig; name = "Pods-KanjiSearcherTests.release.xcconfig"; path = "Target Support Files/Pods-KanjiSearcherTests/Pods-KanjiSearcherTests.release.xcconfig"; sourceTree = "<group>"; };
		2F076B6424BAF8C4001EA7FD /* KanjiSearcher.app */ = {isa = PBXFileReference; explicitFileType = wrapper.application; includeInIndex = 0; path = KanjiSearcher.app; sourceTree = BUILT_PRODUCTS_DIR; };
		2F076B6724BAF8C4001EA7FD /* AppDelegate.swift */ = {isa = PBXFileReference; lastKnownFileType = sourcecode.swift; path = AppDelegate.swift; sourceTree = "<group>"; };
		2F076B6924BAF8C4001EA7FD /* SceneDelegate.swift */ = {isa = PBXFileReference; lastKnownFileType = sourcecode.swift; path = SceneDelegate.swift; sourceTree = "<group>"; };
		2F076B6B24BAF8C4001EA7FD /* SearchViewController.swift */ = {isa = PBXFileReference; lastKnownFileType = sourcecode.swift; path = SearchViewController.swift; sourceTree = "<group>"; };
		2F076B6E24BAF8C4001EA7FD /* Base */ = {isa = PBXFileReference; lastKnownFileType = file.storyboard; name = Base; path = Base.lproj/Main.storyboard; sourceTree = "<group>"; };
		2F076B7024BAF8C6001EA7FD /* Assets.xcassets */ = {isa = PBXFileReference; lastKnownFileType = folder.assetcatalog; path = Assets.xcassets; sourceTree = "<group>"; };
		2F076B7324BAF8C6001EA7FD /* Base */ = {isa = PBXFileReference; lastKnownFileType = file.storyboard; name = Base; path = Base.lproj/LaunchScreen.storyboard; sourceTree = "<group>"; };
		2F076B7524BAF8C6001EA7FD /* Info.plist */ = {isa = PBXFileReference; lastKnownFileType = text.plist.xml; path = Info.plist; sourceTree = "<group>"; };
		2F076B7A24BAF8C6001EA7FD /* KanjiSearcherTests.xctest */ = {isa = PBXFileReference; explicitFileType = wrapper.cfbundle; includeInIndex = 0; path = KanjiSearcherTests.xctest; sourceTree = BUILT_PRODUCTS_DIR; };
		2F076B8024BAF8C6001EA7FD /* Info.plist */ = {isa = PBXFileReference; lastKnownFileType = text.plist.xml; path = Info.plist; sourceTree = "<group>"; };
		2F076B8C24BB37F8001EA7FD /* SearchViewModel.swift */ = {isa = PBXFileReference; lastKnownFileType = sourcecode.swift; path = SearchViewModel.swift; sourceTree = "<group>"; };
		2F076B9624C1D7E3001EA7FD /* SearchViewModelSpec.swift */ = {isa = PBXFileReference; lastKnownFileType = sourcecode.swift; path = SearchViewModelSpec.swift; sourceTree = "<group>"; };
		2F6C153D24CAC8FE00D69AE5 /* ResultViewController.swift */ = {isa = PBXFileReference; lastKnownFileType = sourcecode.swift; path = ResultViewController.swift; sourceTree = "<group>"; };
		2F6C154124CACE2300D69AE5 /* KanjiQuery.swift */ = {isa = PBXFileReference; lastKnownFileType = sourcecode.swift; path = KanjiQuery.swift; sourceTree = "<group>"; };
		2F6C154324CAD18C00D69AE5 /* KanjiQuerySpec.swift */ = {isa = PBXFileReference; lastKnownFileType = sourcecode.swift; path = KanjiQuerySpec.swift; sourceTree = "<group>"; };
		2F6C154524CD427600D69AE5 /* KanjiRepository.swift */ = {isa = PBXFileReference; lastKnownFileType = sourcecode.swift; path = KanjiRepository.swift; sourceTree = "<group>"; };
		2F6C154724CD47A200D69AE5 /* KanjiResultConverter.swift */ = {isa = PBXFileReference; lastKnownFileType = sourcecode.swift; path = KanjiResultConverter.swift; sourceTree = "<group>"; };
		2F6C154924CD482400D69AE5 /* KanjiResults.swift */ = {isa = PBXFileReference; lastKnownFileType = sourcecode.swift; path = KanjiResults.swift; sourceTree = "<group>"; };
		2F6C154B24CD494700D69AE5 /* KanjiInfo.swift */ = {isa = PBXFileReference; lastKnownFileType = sourcecode.swift; path = KanjiInfo.swift; sourceTree = "<group>"; };
		2F6C154E24CD510300D69AE5 /* KanjiResultConverterSpec.swift */ = {isa = PBXFileReference; lastKnownFileType = sourcecode.swift; path = KanjiResultConverterSpec.swift; sourceTree = "<group>"; };
		2F6C155024D309E700D69AE5 /* KanjiRepositorySpec.swift */ = {isa = PBXFileReference; lastKnownFileType = sourcecode.swift; path = KanjiRepositorySpec.swift; sourceTree = "<group>"; };
		2F6C155624D521D500D69AE5 /* error_invalid_parameters.json */ = {isa = PBXFileReference; lastKnownFileType = text.json; path = error_invalid_parameters.json; sourceTree = "<group>"; };
		2F6C155824D526AD00D69AE5 /* no_results.json */ = {isa = PBXFileReference; lastKnownFileType = text.json; path = no_results.json; sourceTree = "<group>"; };
		2F6C155A24D5274900D69AE5 /* query_つじ.json */ = {isa = PBXFileReference; lastKnownFileType = text.json; path = "query_つじ.json"; sourceTree = "<group>"; };
		2F6C156124D5330300D69AE5 /* FileReader.swift */ = {isa = PBXFileReference; lastKnownFileType = sourcecode.swift; path = FileReader.swift; sourceTree = "<group>"; };
		2F6C156A24D5503600D69AE5 /* ResultViewModel.swift */ = {isa = PBXFileReference; lastKnownFileType = sourcecode.swift; path = ResultViewModel.swift; sourceTree = "<group>"; };
		2F6C156C24D553DF00D69AE5 /* KanjiSearchStatus.swift */ = {isa = PBXFileReference; lastKnownFileType = sourcecode.swift; path = KanjiSearchStatus.swift; sourceTree = "<group>"; };
		2F6C156E24D5641000D69AE5 /* error_empty_query.json */ = {isa = PBXFileReference; lastKnownFileType = text.json; path = error_empty_query.json; sourceTree = "<group>"; };
		2F6C157024D565FC00D69AE5 /* ResultViewModelSpec.swift */ = {isa = PBXFileReference; lastKnownFileType = sourcecode.swift; path = ResultViewModelSpec.swift; sourceTree = "<group>"; };
		2F6C157224D59CF700D69AE5 /* KanjiRepositoryMock.swift */ = {isa = PBXFileReference; lastKnownFileType = sourcecode.swift; path = KanjiRepositoryMock.swift; sourceTree = "<group>"; };
		2F6C157624EC0D1E00D69AE5 /* UIView+Extensions.swift */ = {isa = PBXFileReference; lastKnownFileType = sourcecode.swift; path = "UIView+Extensions.swift"; sourceTree = "<group>"; };
		2F6C157824EC116500D69AE5 /* ResultDataSource.swift */ = {isa = PBXFileReference; lastKnownFileType = sourcecode.swift; path = ResultDataSource.swift; sourceTree = "<group>"; };
		2F6C158024EEB47300D69AE5 /* ResultTableViewCell.swift */ = {isa = PBXFileReference; lastKnownFileType = sourcecode.swift; path = ResultTableViewCell.swift; sourceTree = "<group>"; };
		4AE8F3AAA553B903018973ED /* Pods-KanjiSearcher.debug.xcconfig */ = {isa = PBXFileReference; includeInIndex = 1; lastKnownFileType = text.xcconfig; name = "Pods-KanjiSearcher.debug.xcconfig"; path = "Target Support Files/Pods-KanjiSearcher/Pods-KanjiSearcher.debug.xcconfig"; sourceTree = "<group>"; };
		562500A0C8C6D7DF8D22BB36 /* Pods_KanjiSearcherTests.framework */ = {isa = PBXFileReference; explicitFileType = wrapper.framework; includeInIndex = 0; path = Pods_KanjiSearcherTests.framework; sourceTree = BUILT_PRODUCTS_DIR; };
		675B682B1DB2F5A62ADA7989 /* Pods-KanjiSearcherTests.debug.xcconfig */ = {isa = PBXFileReference; includeInIndex = 1; lastKnownFileType = text.xcconfig; name = "Pods-KanjiSearcherTests.debug.xcconfig"; path = "Target Support Files/Pods-KanjiSearcherTests/Pods-KanjiSearcherTests.debug.xcconfig"; sourceTree = "<group>"; };
		F34B25E9EA5480ACEF4FDE03 /* Pods-KanjiSearcher.release.xcconfig */ = {isa = PBXFileReference; includeInIndex = 1; lastKnownFileType = text.xcconfig; name = "Pods-KanjiSearcher.release.xcconfig"; path = "Target Support Files/Pods-KanjiSearcher/Pods-KanjiSearcher.release.xcconfig"; sourceTree = "<group>"; };
/* End PBXFileReference section */

/* Begin PBXFrameworksBuildPhase section */
		2F076B6124BAF8C4001EA7FD /* Frameworks */ = {
			isa = PBXFrameworksBuildPhase;
			buildActionMask = 2147483647;
			files = (
				501EBC1D565AE48412ECCBBC /* Pods_KanjiSearcher.framework in Frameworks */,
			);
			runOnlyForDeploymentPostprocessing = 0;
		};
		2F076B7724BAF8C6001EA7FD /* Frameworks */ = {
			isa = PBXFrameworksBuildPhase;
			buildActionMask = 2147483647;
			files = (
				FEF28FC15744B6B57FC9DC88 /* Pods_KanjiSearcherTests.framework in Frameworks */,
			);
			runOnlyForDeploymentPostprocessing = 0;
		};
/* End PBXFrameworksBuildPhase section */

/* Begin PBXGroup section */
		2F076B5B24BAF8C4001EA7FD = {
			isa = PBXGroup;
			children = (
				2F076B6624BAF8C4001EA7FD /* KanjiSearcher */,
				2F076B7D24BAF8C6001EA7FD /* KanjiSearcherTests */,
				2F076B6524BAF8C4001EA7FD /* Products */,
				B18149BC2863CB5B9341844F /* Pods */,
				ECC442BC6A71DBBC0C02E4F4 /* Frameworks */,
			);
			sourceTree = "<group>";
		};
		2F076B6524BAF8C4001EA7FD /* Products */ = {
			isa = PBXGroup;
			children = (
				2F076B6424BAF8C4001EA7FD /* KanjiSearcher.app */,
				2F076B7A24BAF8C6001EA7FD /* KanjiSearcherTests.xctest */,
			);
			name = Products;
			sourceTree = "<group>";
		};
		2F076B6624BAF8C4001EA7FD /* KanjiSearcher */ = {
			isa = PBXGroup;
			children = (
				2F076B8B24BB0B87001EA7FD /* storyboard */,
				2F076B8A24BAFC1B001EA7FD /* source */,
				2F076B7024BAF8C6001EA7FD /* Assets.xcassets */,
				2F076B7524BAF8C6001EA7FD /* Info.plist */,
			);
			path = KanjiSearcher;
			sourceTree = "<group>";
		};
		2F076B7D24BAF8C6001EA7FD /* KanjiSearcherTests */ = {
			isa = PBXGroup;
			children = (
				2F6C155224D5216A00D69AE5 /* resource */,
				2F076B8E24BB4404001EA7FD /* source */,
				2F076B8024BAF8C6001EA7FD /* Info.plist */,
			);
			path = KanjiSearcherTests;
			sourceTree = "<group>";
		};
		2F076B8924BAFBFE001EA7FD /* search */ = {
			isa = PBXGroup;
			children = (
				2F076B6B24BAF8C4001EA7FD /* SearchViewController.swift */,
				2F076B8C24BB37F8001EA7FD /* SearchViewModel.swift */,
			);
			path = search;
			sourceTree = "<group>";
		};
		2F076B8A24BAFC1B001EA7FD /* source */ = {
			isa = PBXGroup;
			children = (
				2F6C157424EC0C6000D69AE5 /* shared */,
				2F076B6724BAF8C4001EA7FD /* AppDelegate.swift */,
				2F076B6924BAF8C4001EA7FD /* SceneDelegate.swift */,
				2F6C156624D54EB100D69AE5 /* infrastructure */,
				2F6C153C24CAC8BE00D69AE5 /* result */,
				2F076B8924BAFBFE001EA7FD /* search */,
			);
			path = source;
			sourceTree = "<group>";
		};
		2F076B8B24BB0B87001EA7FD /* storyboard */ = {
			isa = PBXGroup;
			children = (
				2F076B6D24BAF8C4001EA7FD /* Main.storyboard */,
				2F076B7224BAF8C6001EA7FD /* LaunchScreen.storyboard */,
			);
			path = storyboard;
			sourceTree = "<group>";
		};
		2F076B8E24BB4404001EA7FD /* source */ = {
			isa = PBXGroup;
			children = (
				2F6C156324D5374B00D69AE5 /* shared */,
				2F6C156824D54F1700D69AE5 /* infrastructure */,
				2F6C154D24CD50DC00D69AE5 /* result */,
				2F076B8F24BB4418001EA7FD /* search */,
			);
			path = source;
			sourceTree = "<group>";
		};
		2F076B8F24BB4418001EA7FD /* search */ = {
			isa = PBXGroup;
			children = (
				2F076B9624C1D7E3001EA7FD /* SearchViewModelSpec.swift */,
			);
			path = search;
			sourceTree = "<group>";
		};
		2F6C153C24CAC8BE00D69AE5 /* result */ = {
			isa = PBXGroup;
			children = (
				2F6C153D24CAC8FE00D69AE5 /* ResultViewController.swift */,
				2F6C156A24D5503600D69AE5 /* ResultViewModel.swift */,
				2F6C156C24D553DF00D69AE5 /* KanjiSearchStatus.swift */,
				2F6C157824EC116500D69AE5 /* ResultDataSource.swift */,
				2F6C158024EEB47300D69AE5 /* ResultTableViewCell.swift */,
			);
			path = result;
			sourceTree = "<group>";
		};
		2F6C154D24CD50DC00D69AE5 /* result */ = {
			isa = PBXGroup;
			children = (
				2F6C157024D565FC00D69AE5 /* ResultViewModelSpec.swift */,
			);
			path = result;
			sourceTree = "<group>";
		};
		2F6C155224D5216A00D69AE5 /* resource */ = {
			isa = PBXGroup;
			children = (
				2F6C155324D5217700D69AE5 /* mjapi */,
			);
			path = resource;
			sourceTree = "<group>";
		};
		2F6C155324D5217700D69AE5 /* mjapi */ = {
			isa = PBXGroup;
			children = (
				2F6C155424D521A300D69AE5 /* mji */,
			);
			path = mjapi;
			sourceTree = "<group>";
		};
		2F6C155424D521A300D69AE5 /* mji */ = {
			isa = PBXGroup;
			children = (
				2F6C155524D521AA00D69AE5 /* q */,
			);
			path = mji;
			sourceTree = "<group>";
		};
		2F6C155524D521AA00D69AE5 /* q */ = {
			isa = PBXGroup;
			children = (
				2F6C155624D521D500D69AE5 /* error_invalid_parameters.json */,
				2F6C155824D526AD00D69AE5 /* no_results.json */,
				2F6C155A24D5274900D69AE5 /* query_つじ.json */,
				2F6C156E24D5641000D69AE5 /* error_empty_query.json */,
			);
			path = q;
			sourceTree = "<group>";
		};
		2F6C156324D5374B00D69AE5 /* shared */ = {
			isa = PBXGroup;
			children = (
				2F6C156124D5330300D69AE5 /* FileReader.swift */,
			);
			path = shared;
			sourceTree = "<group>";
		};
		2F6C156624D54EB100D69AE5 /* infrastructure */ = {
			isa = PBXGroup;
			children = (
				2F6C156724D54EDB00D69AE5 /* mojikiban */,
			);
			path = infrastructure;
			sourceTree = "<group>";
		};
		2F6C156724D54EDB00D69AE5 /* mojikiban */ = {
			isa = PBXGroup;
			children = (
				2F6C154524CD427600D69AE5 /* KanjiRepository.swift */,
				2F6C154724CD47A200D69AE5 /* KanjiResultConverter.swift */,
				2F6C154924CD482400D69AE5 /* KanjiResults.swift */,
				2F6C154B24CD494700D69AE5 /* KanjiInfo.swift */,
				2F6C154124CACE2300D69AE5 /* KanjiQuery.swift */,
			);
			path = mojikiban;
			sourceTree = "<group>";
		};
		2F6C156824D54F1700D69AE5 /* infrastructure */ = {
			isa = PBXGroup;
			children = (
				2F6C156924D54F1E00D69AE5 /* mojikiban */,
			);
			path = infrastructure;
			sourceTree = "<group>";
		};
		2F6C156924D54F1E00D69AE5 /* mojikiban */ = {
			isa = PBXGroup;
			children = (
				2F6C155024D309E700D69AE5 /* KanjiRepositorySpec.swift */,
				2F6C154E24CD510300D69AE5 /* KanjiResultConverterSpec.swift */,
				2F6C154324CAD18C00D69AE5 /* KanjiQuerySpec.swift */,
				2F6C157224D59CF700D69AE5 /* KanjiRepositoryMock.swift */,
			);
			path = mojikiban;
			sourceTree = "<group>";
		};
		2F6C157424EC0C6000D69AE5 /* shared */ = {
			isa = PBXGroup;
			children = (
				2F6C157624EC0D1E00D69AE5 /* UIView+Extensions.swift */,
			);
			path = shared;
			sourceTree = "<group>";
		};
		B18149BC2863CB5B9341844F /* Pods */ = {
			isa = PBXGroup;
			children = (
				4AE8F3AAA553B903018973ED /* Pods-KanjiSearcher.debug.xcconfig */,
				F34B25E9EA5480ACEF4FDE03 /* Pods-KanjiSearcher.release.xcconfig */,
				675B682B1DB2F5A62ADA7989 /* Pods-KanjiSearcherTests.debug.xcconfig */,
				2AC8E8A3F8B29C170C5A590E /* Pods-KanjiSearcherTests.release.xcconfig */,
			);
			path = Pods;
			sourceTree = "<group>";
		};
		ECC442BC6A71DBBC0C02E4F4 /* Frameworks */ = {
			isa = PBXGroup;
			children = (
				1BA6443CCBE50221B27442A9 /* Pods_KanjiSearcher.framework */,
				562500A0C8C6D7DF8D22BB36 /* Pods_KanjiSearcherTests.framework */,
			);
			name = Frameworks;
			sourceTree = "<group>";
		};
/* End PBXGroup section */

/* Begin PBXNativeTarget section */
		2F076B6324BAF8C4001EA7FD /* KanjiSearcher */ = {
			isa = PBXNativeTarget;
			buildConfigurationList = 2F076B8324BAF8C6001EA7FD /* Build configuration list for PBXNativeTarget "KanjiSearcher" */;
			buildPhases = (
				BFBB862614CE6F2D3CE484F1 /* [CP] Check Pods Manifest.lock */,
				2F076B6024BAF8C4001EA7FD /* Sources */,
				2F076B6124BAF8C4001EA7FD /* Frameworks */,
				2F076B6224BAF8C4001EA7FD /* Resources */,
				F55DC2D0E03E0B80B11DF34C /* [CP] Embed Pods Frameworks */,
			);
			buildRules = (
			);
			dependencies = (
			);
			name = KanjiSearcher;
			productName = KanjiSearcher;
			productReference = 2F076B6424BAF8C4001EA7FD /* KanjiSearcher.app */;
			productType = "com.apple.product-type.application";
		};
		2F076B7924BAF8C6001EA7FD /* KanjiSearcherTests */ = {
			isa = PBXNativeTarget;
			buildConfigurationList = 2F076B8624BAF8C6001EA7FD /* Build configuration list for PBXNativeTarget "KanjiSearcherTests" */;
			buildPhases = (
				56369ADCA8EBBDE5AD8D2615 /* [CP] Check Pods Manifest.lock */,
				2F6C153B24C5D66A00D69AE5 /* ShellScript */,
				2F076B7624BAF8C6001EA7FD /* Sources */,
				2F076B7724BAF8C6001EA7FD /* Frameworks */,
				2F076B7824BAF8C6001EA7FD /* Resources */,
				8A21E8E8EB8CAD61171DAF87 /* [CP] Embed Pods Frameworks */,
			);
			buildRules = (
			);
			dependencies = (
				2F076B7C24BAF8C6001EA7FD /* PBXTargetDependency */,
			);
			name = KanjiSearcherTests;
			productName = KanjiSearcherTests;
			productReference = 2F076B7A24BAF8C6001EA7FD /* KanjiSearcherTests.xctest */;
			productType = "com.apple.product-type.bundle.unit-test";
		};
/* End PBXNativeTarget section */

/* Begin PBXProject section */
		2F076B5C24BAF8C4001EA7FD /* Project object */ = {
			isa = PBXProject;
			attributes = {
				LastSwiftUpdateCheck = 1150;
				LastUpgradeCheck = 1150;
				ORGANIZATIONNAME = hmiyado;
				TargetAttributes = {
					2F076B6324BAF8C4001EA7FD = {
						CreatedOnToolsVersion = 11.5;
					};
					2F076B7924BAF8C6001EA7FD = {
						CreatedOnToolsVersion = 11.5;
						LastSwiftMigration = 1150;
						TestTargetID = 2F076B6324BAF8C4001EA7FD;
					};
				};
			};
			buildConfigurationList = 2F076B5F24BAF8C4001EA7FD /* Build configuration list for PBXProject "KanjiSearcher" */;
			compatibilityVersion = "Xcode 9.3";
			developmentRegion = en;
			hasScannedForEncodings = 0;
			knownRegions = (
				en,
				Base,
			);
			mainGroup = 2F076B5B24BAF8C4001EA7FD;
			productRefGroup = 2F076B6524BAF8C4001EA7FD /* Products */;
			projectDirPath = "";
			projectRoot = "";
			targets = (
				2F076B6324BAF8C4001EA7FD /* KanjiSearcher */,
				2F076B7924BAF8C6001EA7FD /* KanjiSearcherTests */,
			);
		};
/* End PBXProject section */

/* Begin PBXResourcesBuildPhase section */
		2F076B6224BAF8C4001EA7FD /* Resources */ = {
			isa = PBXResourcesBuildPhase;
			buildActionMask = 2147483647;
			files = (
				2F076B7424BAF8C6001EA7FD /* LaunchScreen.storyboard in Resources */,
				2F076B7124BAF8C6001EA7FD /* Assets.xcassets in Resources */,
				2F076B6F24BAF8C4001EA7FD /* Main.storyboard in Resources */,
			);
			runOnlyForDeploymentPostprocessing = 0;
		};
		2F076B7824BAF8C6001EA7FD /* Resources */ = {
			isa = PBXResourcesBuildPhase;
			buildActionMask = 2147483647;
			files = (
				2F6C155724D521D500D69AE5 /* error_invalid_parameters.json in Resources */,
				2F6C155B24D5274900D69AE5 /* query_つじ.json in Resources */,
				2F6C156F24D5641000D69AE5 /* error_empty_query.json in Resources */,
				2F6C155924D526AD00D69AE5 /* no_results.json in Resources */,
			);
			runOnlyForDeploymentPostprocessing = 0;
		};
/* End PBXResourcesBuildPhase section */

/* Begin PBXShellScriptBuildPhase section */
		2F6C153B24C5D66A00D69AE5 /* ShellScript */ = {
			isa = PBXShellScriptBuildPhase;
			buildActionMask = 2147483647;
			files = (
			);
			inputFileListPaths = (
			);
			inputPaths = (
			);
			outputFileListPaths = (
			);
			outputPaths = (
			);
			runOnlyForDeploymentPostprocessing = 0;
			shellPath = /bin/sh;
			shellScript = "if which swiftlint >/dev/null; then\n  swiftlint autocorrect --format\n  swiftlint\nelse\n  echo \"warning: SwiftLint not installed, download from https://github.com/realm/SwiftLint\"\nfi\n";
		};
		56369ADCA8EBBDE5AD8D2615 /* [CP] Check Pods Manifest.lock */ = {
			isa = PBXShellScriptBuildPhase;
			buildActionMask = 2147483647;
			files = (
			);
			inputFileListPaths = (
			);
			inputPaths = (
				"${PODS_PODFILE_DIR_PATH}/Podfile.lock",
				"${PODS_ROOT}/Manifest.lock",
			);
			name = "[CP] Check Pods Manifest.lock";
			outputFileListPaths = (
			);
			outputPaths = (
				"$(DERIVED_FILE_DIR)/Pods-KanjiSearcherTests-checkManifestLockResult.txt",
			);
			runOnlyForDeploymentPostprocessing = 0;
			shellPath = /bin/sh;
			shellScript = "diff \"${PODS_PODFILE_DIR_PATH}/Podfile.lock\" \"${PODS_ROOT}/Manifest.lock\" > /dev/null\nif [ $? != 0 ] ; then\n    # print error to STDERR\n    echo \"error: The sandbox is not in sync with the Podfile.lock. Run 'pod install' or update your CocoaPods installation.\" >&2\n    exit 1\nfi\n# This output is used by Xcode 'outputs' to avoid re-running this script phase.\necho \"SUCCESS\" > \"${SCRIPT_OUTPUT_FILE_0}\"\n";
			showEnvVarsInLog = 0;
		};
		8A21E8E8EB8CAD61171DAF87 /* [CP] Embed Pods Frameworks */ = {
			isa = PBXShellScriptBuildPhase;
			buildActionMask = 2147483647;
			files = (
			);
			inputFileListPaths = (
				"${PODS_ROOT}/Target Support Files/Pods-KanjiSearcherTests/Pods-KanjiSearcherTests-frameworks-${CONFIGURATION}-input-files.xcfilelist",
			);
			name = "[CP] Embed Pods Frameworks";
			outputFileListPaths = (
				"${PODS_ROOT}/Target Support Files/Pods-KanjiSearcherTests/Pods-KanjiSearcherTests-frameworks-${CONFIGURATION}-output-files.xcfilelist",
			);
			runOnlyForDeploymentPostprocessing = 0;
			shellPath = /bin/sh;
			shellScript = "\"${PODS_ROOT}/Target Support Files/Pods-KanjiSearcherTests/Pods-KanjiSearcherTests-frameworks.sh\"\n";
			showEnvVarsInLog = 0;
		};
		BFBB862614CE6F2D3CE484F1 /* [CP] Check Pods Manifest.lock */ = {
			isa = PBXShellScriptBuildPhase;
			buildActionMask = 2147483647;
			files = (
			);
			inputFileListPaths = (
			);
			inputPaths = (
				"${PODS_PODFILE_DIR_PATH}/Podfile.lock",
				"${PODS_ROOT}/Manifest.lock",
			);
			name = "[CP] Check Pods Manifest.lock";
			outputFileListPaths = (
			);
			outputPaths = (
				"$(DERIVED_FILE_DIR)/Pods-KanjiSearcher-checkManifestLockResult.txt",
			);
			runOnlyForDeploymentPostprocessing = 0;
			shellPath = /bin/sh;
			shellScript = "diff \"${PODS_PODFILE_DIR_PATH}/Podfile.lock\" \"${PODS_ROOT}/Manifest.lock\" > /dev/null\nif [ $? != 0 ] ; then\n    # print error to STDERR\n    echo \"error: The sandbox is not in sync with the Podfile.lock. Run 'pod install' or update your CocoaPods installation.\" >&2\n    exit 1\nfi\n# This output is used by Xcode 'outputs' to avoid re-running this script phase.\necho \"SUCCESS\" > \"${SCRIPT_OUTPUT_FILE_0}\"\n";
			showEnvVarsInLog = 0;
		};
		F55DC2D0E03E0B80B11DF34C /* [CP] Embed Pods Frameworks */ = {
			isa = PBXShellScriptBuildPhase;
			buildActionMask = 2147483647;
			files = (
			);
			inputFileListPaths = (
				"${PODS_ROOT}/Target Support Files/Pods-KanjiSearcher/Pods-KanjiSearcher-frameworks-${CONFIGURATION}-input-files.xcfilelist",
			);
			name = "[CP] Embed Pods Frameworks";
			outputFileListPaths = (
				"${PODS_ROOT}/Target Support Files/Pods-KanjiSearcher/Pods-KanjiSearcher-frameworks-${CONFIGURATION}-output-files.xcfilelist",
			);
			runOnlyForDeploymentPostprocessing = 0;
			shellPath = /bin/sh;
			shellScript = "\"${PODS_ROOT}/Target Support Files/Pods-KanjiSearcher/Pods-KanjiSearcher-frameworks.sh\"\n";
			showEnvVarsInLog = 0;
		};
/* End PBXShellScriptBuildPhase section */

/* Begin PBXSourcesBuildPhase section */
		2F076B6024BAF8C4001EA7FD /* Sources */ = {
			isa = PBXSourcesBuildPhase;
			buildActionMask = 2147483647;
			files = (
				2F6C153E24CAC8FE00D69AE5 /* ResultViewController.swift in Sources */,
				2F6C157924EC116500D69AE5 /* ResultDataSource.swift in Sources */,
				2F6C154824CD47A200D69AE5 /* KanjiResultConverter.swift in Sources */,
				2F076B6C24BAF8C4001EA7FD /* SearchViewController.swift in Sources */,
				2F6C156B24D5503600D69AE5 /* ResultViewModel.swift in Sources */,
				2F6C154224CACE2300D69AE5 /* KanjiQuery.swift in Sources */,
				2F6C157724EC0D1F00D69AE5 /* UIView+Extensions.swift in Sources */,
				2F6C156D24D553DF00D69AE5 /* KanjiSearchStatus.swift in Sources */,
				2F6C154C24CD494700D69AE5 /* KanjiInfo.swift in Sources */,
				2F076B6824BAF8C4001EA7FD /* AppDelegate.swift in Sources */,
				2F076B8D24BB37F8001EA7FD /* SearchViewModel.swift in Sources */,
				2F6C154624CD427600D69AE5 /* KanjiRepository.swift in Sources */,
				2F076B6A24BAF8C4001EA7FD /* SceneDelegate.swift in Sources */,
				2F6C158124EEB47300D69AE5 /* ResultTableViewCell.swift in Sources */,
				2F6C154A24CD482400D69AE5 /* KanjiResults.swift in Sources */,
			);
			runOnlyForDeploymentPostprocessing = 0;
		};
		2F076B7624BAF8C6001EA7FD /* Sources */ = {
			isa = PBXSourcesBuildPhase;
			buildActionMask = 2147483647;
			files = (
				2F6C157124D565FC00D69AE5 /* ResultViewModelSpec.swift in Sources */,
				2F6C155124D309E700D69AE5 /* KanjiRepositorySpec.swift in Sources */,
				2F6C154F24CD510300D69AE5 /* KanjiResultConverterSpec.swift in Sources */,
				2F6C156224D5330300D69AE5 /* FileReader.swift in Sources */,
				2F076B9724C1D7E3001EA7FD /* SearchViewModelSpec.swift in Sources */,
				2F6C157324D59CF800D69AE5 /* KanjiRepositoryMock.swift in Sources */,
				2F6C154424CAD18C00D69AE5 /* KanjiQuerySpec.swift in Sources */,
			);
			runOnlyForDeploymentPostprocessing = 0;
		};
/* End PBXSourcesBuildPhase section */

/* Begin PBXTargetDependency section */
		2F076B7C24BAF8C6001EA7FD /* PBXTargetDependency */ = {
			isa = PBXTargetDependency;
			target = 2F076B6324BAF8C4001EA7FD /* KanjiSearcher */;
			targetProxy = 2F076B7B24BAF8C6001EA7FD /* PBXContainerItemProxy */;
		};
/* End PBXTargetDependency section */

/* Begin PBXVariantGroup section */
		2F076B6D24BAF8C4001EA7FD /* Main.storyboard */ = {
			isa = PBXVariantGroup;
			children = (
				2F076B6E24BAF8C4001EA7FD /* Base */,
			);
			name = Main.storyboard;
			sourceTree = "<group>";
		};
		2F076B7224BAF8C6001EA7FD /* LaunchScreen.storyboard */ = {
			isa = PBXVariantGroup;
			children = (
				2F076B7324BAF8C6001EA7FD /* Base */,
			);
			name = LaunchScreen.storyboard;
			sourceTree = "<group>";
		};
/* End PBXVariantGroup section */

/* Begin XCBuildConfiguration section */
		2F076B8124BAF8C6001EA7FD /* Debug */ = {
			isa = XCBuildConfiguration;
			buildSettings = {
				ALWAYS_SEARCH_USER_PATHS = NO;
				CLANG_ANALYZER_NONNULL = YES;
				CLANG_ANALYZER_NUMBER_OBJECT_CONVERSION = YES_AGGRESSIVE;
				CLANG_CXX_LANGUAGE_STANDARD = "gnu++14";
				CLANG_CXX_LIBRARY = "libc++";
				CLANG_ENABLE_MODULES = YES;
				CLANG_ENABLE_OBJC_ARC = YES;
				CLANG_ENABLE_OBJC_WEAK = YES;
				CLANG_WARN_BLOCK_CAPTURE_AUTORELEASING = YES;
				CLANG_WARN_BOOL_CONVERSION = YES;
				CLANG_WARN_COMMA = YES;
				CLANG_WARN_CONSTANT_CONVERSION = YES;
				CLANG_WARN_DEPRECATED_OBJC_IMPLEMENTATIONS = YES;
				CLANG_WARN_DIRECT_OBJC_ISA_USAGE = YES_ERROR;
				CLANG_WARN_DOCUMENTATION_COMMENTS = YES;
				CLANG_WARN_EMPTY_BODY = YES;
				CLANG_WARN_ENUM_CONVERSION = YES;
				CLANG_WARN_INFINITE_RECURSION = YES;
				CLANG_WARN_INT_CONVERSION = YES;
				CLANG_WARN_NON_LITERAL_NULL_CONVERSION = YES;
				CLANG_WARN_OBJC_IMPLICIT_RETAIN_SELF = YES;
				CLANG_WARN_OBJC_LITERAL_CONVERSION = YES;
				CLANG_WARN_OBJC_ROOT_CLASS = YES_ERROR;
				CLANG_WARN_RANGE_LOOP_ANALYSIS = YES;
				CLANG_WARN_STRICT_PROTOTYPES = YES;
				CLANG_WARN_SUSPICIOUS_MOVE = YES;
				CLANG_WARN_UNGUARDED_AVAILABILITY = YES_AGGRESSIVE;
				CLANG_WARN_UNREACHABLE_CODE = YES;
				CLANG_WARN__DUPLICATE_METHOD_MATCH = YES;
				COPY_PHASE_STRIP = NO;
				DEBUG_INFORMATION_FORMAT = dwarf;
				ENABLE_STRICT_OBJC_MSGSEND = YES;
				ENABLE_TESTABILITY = YES;
				GCC_C_LANGUAGE_STANDARD = gnu11;
				GCC_DYNAMIC_NO_PIC = NO;
				GCC_NO_COMMON_BLOCKS = YES;
				GCC_OPTIMIZATION_LEVEL = 0;
				GCC_PREPROCESSOR_DEFINITIONS = (
					"DEBUG=1",
					"$(inherited)",
				);
				GCC_WARN_64_TO_32_BIT_CONVERSION = YES;
				GCC_WARN_ABOUT_RETURN_TYPE = YES_ERROR;
				GCC_WARN_UNDECLARED_SELECTOR = YES;
				GCC_WARN_UNINITIALIZED_AUTOS = YES_AGGRESSIVE;
				GCC_WARN_UNUSED_FUNCTION = YES;
				GCC_WARN_UNUSED_VARIABLE = YES;
				IPHONEOS_DEPLOYMENT_TARGET = 13.5;
				MTL_ENABLE_DEBUG_INFO = INCLUDE_SOURCE;
				MTL_FAST_MATH = YES;
				ONLY_ACTIVE_ARCH = YES;
				SDKROOT = iphoneos;
				SWIFT_ACTIVE_COMPILATION_CONDITIONS = DEBUG;
				SWIFT_OPTIMIZATION_LEVEL = "-Onone";
			};
			name = Debug;
		};
		2F076B8224BAF8C6001EA7FD /* Release */ = {
			isa = XCBuildConfiguration;
			buildSettings = {
				ALWAYS_SEARCH_USER_PATHS = NO;
				CLANG_ANALYZER_NONNULL = YES;
				CLANG_ANALYZER_NUMBER_OBJECT_CONVERSION = YES_AGGRESSIVE;
				CLANG_CXX_LANGUAGE_STANDARD = "gnu++14";
				CLANG_CXX_LIBRARY = "libc++";
				CLANG_ENABLE_MODULES = YES;
				CLANG_ENABLE_OBJC_ARC = YES;
				CLANG_ENABLE_OBJC_WEAK = YES;
				CLANG_WARN_BLOCK_CAPTURE_AUTORELEASING = YES;
				CLANG_WARN_BOOL_CONVERSION = YES;
				CLANG_WARN_COMMA = YES;
				CLANG_WARN_CONSTANT_CONVERSION = YES;
				CLANG_WARN_DEPRECATED_OBJC_IMPLEMENTATIONS = YES;
				CLANG_WARN_DIRECT_OBJC_ISA_USAGE = YES_ERROR;
				CLANG_WARN_DOCUMENTATION_COMMENTS = YES;
				CLANG_WARN_EMPTY_BODY = YES;
				CLANG_WARN_ENUM_CONVERSION = YES;
				CLANG_WARN_INFINITE_RECURSION = YES;
				CLANG_WARN_INT_CONVERSION = YES;
				CLANG_WARN_NON_LITERAL_NULL_CONVERSION = YES;
				CLANG_WARN_OBJC_IMPLICIT_RETAIN_SELF = YES;
				CLANG_WARN_OBJC_LITERAL_CONVERSION = YES;
				CLANG_WARN_OBJC_ROOT_CLASS = YES_ERROR;
				CLANG_WARN_RANGE_LOOP_ANALYSIS = YES;
				CLANG_WARN_STRICT_PROTOTYPES = YES;
				CLANG_WARN_SUSPICIOUS_MOVE = YES;
				CLANG_WARN_UNGUARDED_AVAILABILITY = YES_AGGRESSIVE;
				CLANG_WARN_UNREACHABLE_CODE = YES;
				CLANG_WARN__DUPLICATE_METHOD_MATCH = YES;
				COPY_PHASE_STRIP = NO;
				DEBUG_INFORMATION_FORMAT = "dwarf-with-dsym";
				ENABLE_NS_ASSERTIONS = NO;
				ENABLE_STRICT_OBJC_MSGSEND = YES;
				GCC_C_LANGUAGE_STANDARD = gnu11;
				GCC_NO_COMMON_BLOCKS = YES;
				GCC_WARN_64_TO_32_BIT_CONVERSION = YES;
				GCC_WARN_ABOUT_RETURN_TYPE = YES_ERROR;
				GCC_WARN_UNDECLARED_SELECTOR = YES;
				GCC_WARN_UNINITIALIZED_AUTOS = YES_AGGRESSIVE;
				GCC_WARN_UNUSED_FUNCTION = YES;
				GCC_WARN_UNUSED_VARIABLE = YES;
				IPHONEOS_DEPLOYMENT_TARGET = 13.5;
				MTL_ENABLE_DEBUG_INFO = NO;
				MTL_FAST_MATH = YES;
				SDKROOT = iphoneos;
				SWIFT_COMPILATION_MODE = wholemodule;
				SWIFT_OPTIMIZATION_LEVEL = "-O";
				VALIDATE_PRODUCT = YES;
			};
			name = Release;
		};
		2F076B8424BAF8C6001EA7FD /* Debug */ = {
			isa = XCBuildConfiguration;
			baseConfigurationReference = 4AE8F3AAA553B903018973ED /* Pods-KanjiSearcher.debug.xcconfig */;
			buildSettings = {
				ASSETCATALOG_COMPILER_APPICON_NAME = AppIcon;
				CODE_SIGN_STYLE = Automatic;
				DEVELOPMENT_TEAM = C8DX3743C6;
				INFOPLIST_FILE = KanjiSearcher/Info.plist;
				LD_RUNPATH_SEARCH_PATHS = (
					"$(inherited)",
					"@executable_path/Frameworks",
				);
				PRODUCT_BUNDLE_IDENTIFIER = com.github.hmiyado.KanjiSearcher;
				PRODUCT_NAME = "$(TARGET_NAME)";
				SWIFT_VERSION = 5.0;
				TARGETED_DEVICE_FAMILY = "1,2";
			};
			name = Debug;
		};
		2F076B8524BAF8C6001EA7FD /* Release */ = {
			isa = XCBuildConfiguration;
			baseConfigurationReference = F34B25E9EA5480ACEF4FDE03 /* Pods-KanjiSearcher.release.xcconfig */;
			buildSettings = {
				ASSETCATALOG_COMPILER_APPICON_NAME = AppIcon;
				CODE_SIGN_STYLE = Automatic;
				DEVELOPMENT_TEAM = C8DX3743C6;
				INFOPLIST_FILE = KanjiSearcher/Info.plist;
				LD_RUNPATH_SEARCH_PATHS = (
					"$(inherited)",
					"@executable_path/Frameworks",
				);
				PRODUCT_BUNDLE_IDENTIFIER = com.github.hmiyado.KanjiSearcher;
				PRODUCT_NAME = "$(TARGET_NAME)";
				SWIFT_VERSION = 5.0;
				TARGETED_DEVICE_FAMILY = "1,2";
			};
			name = Release;
		};
		2F076B8724BAF8C6001EA7FD /* Debug */ = {
			isa = XCBuildConfiguration;
			baseConfigurationReference = 675B682B1DB2F5A62ADA7989 /* Pods-KanjiSearcherTests.debug.xcconfig */;
			buildSettings = {
				ALWAYS_EMBED_SWIFT_STANDARD_LIBRARIES = "$(inherited)";
				BUNDLE_LOADER = "$(TEST_HOST)";
				CLANG_ENABLE_MODULES = YES;
				CODE_SIGN_STYLE = Automatic;
				DEVELOPMENT_TEAM = C8DX3743C6;
				INFOPLIST_FILE = KanjiSearcherTests/Info.plist;
				IPHONEOS_DEPLOYMENT_TARGET = 13.5;
				LD_RUNPATH_SEARCH_PATHS = (
					"$(inherited)",
					"@executable_path/Frameworks",
					"@loader_path/Frameworks",
				);
				PRODUCT_BUNDLE_IDENTIFIER = com.github.hmiyado.KanjiSearcherTests;
				PRODUCT_NAME = "$(TARGET_NAME)";
				SWIFT_OPTIMIZATION_LEVEL = "-Onone";
				SWIFT_VERSION = 5.0;
				TARGETED_DEVICE_FAMILY = "1,2";
				TEST_HOST = "$(BUILT_PRODUCTS_DIR)/KanjiSearcher.app/KanjiSearcher";
			};
			name = Debug;
		};
		2F076B8824BAF8C6001EA7FD /* Release */ = {
			isa = XCBuildConfiguration;
			baseConfigurationReference = 2AC8E8A3F8B29C170C5A590E /* Pods-KanjiSearcherTests.release.xcconfig */;
			buildSettings = {
				ALWAYS_EMBED_SWIFT_STANDARD_LIBRARIES = "$(inherited)";
				BUNDLE_LOADER = "$(TEST_HOST)";
				CLANG_ENABLE_MODULES = YES;
				CODE_SIGN_STYLE = Automatic;
				DEVELOPMENT_TEAM = C8DX3743C6;
				INFOPLIST_FILE = KanjiSearcherTests/Info.plist;
				IPHONEOS_DEPLOYMENT_TARGET = 13.5;
				LD_RUNPATH_SEARCH_PATHS = (
					"$(inherited)",
					"@executable_path/Frameworks",
					"@loader_path/Frameworks",
				);
				PRODUCT_BUNDLE_IDENTIFIER = com.github.hmiyado.KanjiSearcherTests;
				PRODUCT_NAME = "$(TARGET_NAME)";
				SWIFT_VERSION = 5.0;
				TARGETED_DEVICE_FAMILY = "1,2";
				TEST_HOST = "$(BUILT_PRODUCTS_DIR)/KanjiSearcher.app/KanjiSearcher";
			};
			name = Release;
		};
/* End XCBuildConfiguration section */

/* Begin XCConfigurationList section */
		2F076B5F24BAF8C4001EA7FD /* Build configuration list for PBXProject "KanjiSearcher" */ = {
			isa = XCConfigurationList;
			buildConfigurations = (
				2F076B8124BAF8C6001EA7FD /* Debug */,
				2F076B8224BAF8C6001EA7FD /* Release */,
			);
			defaultConfigurationIsVisible = 0;
			defaultConfigurationName = Release;
		};
		2F076B8324BAF8C6001EA7FD /* Build configuration list for PBXNativeTarget "KanjiSearcher" */ = {
			isa = XCConfigurationList;
			buildConfigurations = (
				2F076B8424BAF8C6001EA7FD /* Debug */,
				2F076B8524BAF8C6001EA7FD /* Release */,
			);
			defaultConfigurationIsVisible = 0;
			defaultConfigurationName = Release;
		};
		2F076B8624BAF8C6001EA7FD /* Build configuration list for PBXNativeTarget "KanjiSearcherTests" */ = {
			isa = XCConfigurationList;
			buildConfigurations = (
				2F076B8724BAF8C6001EA7FD /* Debug */,
				2F076B8824BAF8C6001EA7FD /* Release */,
			);
			defaultConfigurationIsVisible = 0;
			defaultConfigurationName = Release;
		};
/* End XCConfigurationList section */
	};
	rootObject = 2F076B5C24BAF8C4001EA7FD /* Project object */;
}
